
Microsoft Visual Studio Solution File, Format Version 12.00
# Visual Studio 15
VisualStudioVersion = 15.0.28307.421
MinimumVisualStudioVersion = 10.0.40219.1
Project("{FAE04EC0-301F-11D3-BF4B-00C04F79EFBC}") = "WaveNoiseLib", "WaveNoiseLib\WaveNoiseLib.csproj", "{F0080074-05DE-4B5F-941E-B9BB400DB77B}"
EndProject
Global
	GlobalSection(SolutionConfigurationPlatforms) = preSolution
		Debug|Any CPU = Debug|Any CPU
		Release|Any CPU = Release|Any CPU
	EndGlobalSection
	GlobalSection(ProjectConfigurationPlatforms) = postSolution
		{F0080074-05DE-4B5F-941E-B9BB400DB77B}.Debug|Any CPU.ActiveCfg = Debug|Any CPU
		{F0080074-05DE-4B5F-941E-B9BB400DB77B}.Debug|Any CPU.Build.0 = Debug|Any CPU
		{F0080074-05DE-4B5F-941E-B9BB400DB77B}.Release|Any CPU.ActiveCfg = Release|Any CPU
		{F0080074-05DE-4B5F-941E-B9BB400DB77B}.Release|Any CPU.Build.0 = Release|Any CPU
	EndGlobalSection
	GlobalSection(SolutionProperties) = preSolution
		HideSolutionNode = FALSE
	EndGlobalSection
	GlobalSection(ExtensibilityGlobals) = postSolution
		SolutionGuid = {544300A6-A6CE-4F36-A13D-01B410E997FE}
	EndGlobalSection
EndGlobal
